PODS:
  - AFNetworking (4.0.1):
    - AFNetworking/NSURLSession (= 4.0.1)
    - AFNetworking/Reachability (= 4.0.1)
    - AFNetworking/Security (= 4.0.1)
    - AFNetworking/Serialization (= 4.0.1)
    - AFNetworking/UIKit (= 4.0.1)
  - AFNetworking/NSURLSession (4.0.1):
    - AFNetworking/Reachability
    - AFNetworking/Security
    - AFNetworking/Serialization
  - AFNetworking/Reachability (4.0.1)
  - AFNetworking/Security (4.0.1)
  - AFNetworking/Serialization (4.0.1)
  - AFNetworking/UIKit (4.0.1):
    - AFNetworking/NSURLSession
  - Aspect (1.3.5)
  - YBRequest (0.2.0):
    - AFNetworking

DEPENDENCIES:
  - Aspect (~> 1.3.5)
  - YBRequest (from `../`)

SPEC REPOS:
  https://github.com/CocoaPods/Specs.git:
    - AFNetworking
    - Aspect

EXTERNAL SOURCES:
  YBRequest:
    :path: "../"

SPEC CHECKSUMS:
  AFNetworking: 7864c38297c79aaca1500c33288e429c3451fdce
  Aspect: 65abb3b49d24e8e8452bbf8ee988012c18eff61e
  YBRequest: 667c2be8fb93f9114eddb0b13e19e4c0be5f67b0

PODFILE CHECKSUM: 2fa0f4f5e062111f6df08a1804f625f8159ea862

COCOAPODS: 1.9.3
